{
  "requires": true,
  "lockfileVersion": 1,
  "dependencies": {
    "midievents": {
      "version": "1.0.1",
      "resolved": "https://registry.npmjs.org/midievents/-/midievents-1.0.1.tgz",
      "integrity": "sha1-98i6fvtlfyw7yAwsvRkRcjTSzFI="
    },
    "midifile": {
      "version": "1.0.4",
      "resolved": "https://registry.npmjs.org/midifile/-/midifile-1.0.4.tgz",
      "integrity": "sha1-b+FliZZ8EetIuky+JdV1XYxhwQs=",
      "requires": {
        "midievents": "1.0.1",
        "utf-8": "1.0.0"
      }
    },
    "midiplayer": {
      "version": "1.0.0",
      "resolved": "https://registry.npmjs.org/midiplayer/-/midiplayer-1.0.0.tgz",
      "integrity": "sha1-YsF/XkU8lA7ui164yISfv6C8oHY=",
      "requires": {
        "midievents": "1.0.1"
      }
    },
    "string.fromcodepoint": {
      "version": "0.2.1",
      "resolved": "https://registry.npmjs.org/string.fromcodepoint/-/string.fromcodepoint-0.2.1.tgz",
      "integrity": "sha1-jZeDM8C8klOPUPOD5IiPPlYZ1lM="
    },
    "string.prototype.codepointat": {
      "version": "0.2.0",
      "resolved": "https://registry.npmjs.org/string.prototype.codepointat/-/string.prototype.codepointat-0.2.0.tgz",
      "integrity": "sha1-aybpvTr8qnvjtCabUm3huCAArHg="
    },
    "utf-8": {
      "version": "1.0.0",
      "resolved": "https://registry.npmjs.org/utf-8/-/utf-8-1.0.0.tgz",
      "integrity": "sha1-QpwJ+xrDLOuvVllh7aSMs/RSIZc=",
      "requires": {
        "string.fromcodepoint": "0.2.1",
        "string.prototype.codepointat": "0.2.0"
      }
    }
  }
}
